// !$*UTF8*$!
{
	archiveVersion = 1;
	classes = {
	};
	objectVersion = 48;
	objects = {

/* Begin PBXBuildFile section */
		66916347204B310F0033B757 /* AppDelegate.swift in Sources */ = {isa = PBXBuildFile; fileRef = 66916346204B310F0033B757 /* AppDelegate.swift */; };
		66916349204B310F0033B757 /* ViewController.swift in Sources */ = {isa = PBXBuildFile; fileRef = 66916348204B310F0033B757 /* ViewController.swift */; };
		6691634C204B310F0033B757 /* Main.storyboard in Resources */ = {isa = PBXBuildFile; fileRef = 6691634A204B310F0033B757 /* Main.storyboard */; };
		6691634F204B310F0033B757 /* TodoListCategoryPractice.xcdatamodeld in Sources */ = {isa = PBXBuildFile; fileRef = 6691634D204B310F0033B757 /* TodoListCategoryPractice.xcdatamodeld */; };
		66916351204B310F0033B757 /* Assets.xcassets in Resources */ = {isa = PBXBuildFile; fileRef = 66916350204B310F0033B757 /* Assets.xcassets */; };
		66916354204B310F0033B757 /* LaunchScreen.storyboard in Resources */ = {isa = PBXBuildFile; fileRef = 66916352204B310F0033B757 /* LaunchScreen.storyboard */; };
		6691635E204B34410033B757 /* CatTableViewController.swift in Sources */ = {isa = PBXBuildFile; fileRef = 6691635D204B34410033B757 /* CatTableViewController.swift */; };
/* End PBXBuildFile section */

/* Begin PBXFileReference section */
		66916343204B310F0033B757 /* TodoListCategoryPractice.app */ = {isa = PBXFileReference; explicitFileType = wrapper.application; includeInIndex = 0; path = TodoListCategoryPractice.app; sourceTree = BUILT_PRODUCTS_DIR; };
		66916346204B310F0033B757 /* AppDelegate.swift */ = {isa = PBXFileReference; lastKnownFileType = sourcecode.swift; path = AppDelegate.swift; sourceTree = "<group>"; };
		66916348204B310F0033B757 /* ViewController.swift */ = {isa = PBXFileReference; lastKnownFileType = sourcecode.swift; path = ViewController.swift; sourceTree = "<group>"; };
		6691634B204B310F0033B757 /* Base */ = {isa = PBXFileReference; lastKnownFileType = file.storyboard; name = Base; path = Base.lproj/Main.storyboard; sourceTree = "<group>"; };
		6691634E204B310F0033B757 /* TodoListCategoryPractice.xcdatamodel */ = {isa = PBXFileReference; lastKnownFileType = wrapper.xcdatamodel; path = TodoListCategoryPractice.xcdatamodel; sourceTree = "<group>"; };
		66916350204B310F0033B757 /* Assets.xcassets */ = {isa = PBXFileReference; lastKnownFileType = folder.assetcatalog; path = Assets.xcassets; sourceTree = "<group>"; };
		66916353204B310F0033B757 /* Base */ = {isa = PBXFileReference; lastKnownFileType = file.storyboard; name = Base; path = Base.lproj/LaunchScreen.storyboard; sourceTree = "<group>"; };
		66916355204B310F0033B757 /* Info.plist */ = {isa = PBXFileReference; lastKnownFileType = text.plist.xml; path = Info.plist; sourceTree = "<group>"; };
		6691635D204B34410033B757 /* CatTableViewController.swift */ = {isa = PBXFileReference; lastKnownFileType = sourcecode.swift; path = CatTableViewController.swift; sourceTree = "<group>"; };
/* End PBXFileReference section */

/* Begin PBXFrameworksBuildPhase section */
		66916340204B310F0033B757 /* Frameworks */ = {
			isa = PBXFrameworksBuildPhase;
			buildActionMask = 2147483647;
			files = (
			);
			runOnlyForDeploymentPostprocessing = 0;
		};
/* End PBXFrameworksBuildPhase section */

/* Begin PBXGroup section */
		6691633A204B310F0033B757 = {
			isa = PBXGroup;
			children = (
				66916345204B310F0033B757 /* TodoListCategoryPractice */,
				66916344204B310F0033B757 /* Products */,
			);
			sourceTree = "<group>";
		};
		66916344204B310F0033B757 /* Products */ = {
			isa = PBXGroup;
			children = (
				66916343204B310F0033B757 /* TodoListCategoryPractice.app */,
			);
			name = Products;
			sourceTree = "<group>";
		};
		66916345204B310F0033B757 /* TodoListCategoryPractice */ = {
			isa = PBXGroup;
			children = (
				66916346204B310F0033B757 /* AppDelegate.swift */,
				66916348204B310F0033B757 /* ViewController.swift */,
				6691634A204B310F0033B757 /* Main.storyboard */,
				66916350204B310F0033B757 /* Assets.xcassets */,
				66916352204B310F0033B757 /* LaunchScreen.storyboard */,
				66916355204B310F0033B757 /* Info.plist */,
				6691634D204B310F0033B757 /* TodoListCategoryPractice.xcdatamodeld */,
				6691635D204B34410033B757 /* CatTableViewController.swift */,
			);
			path = TodoListCategoryPractice;
			sourceTree = "<group>";
		};
/* End PBXGroup section */

/* Begin PBXNativeTarget section */
		66916342204B310F0033B757 /* TodoListCategoryPractice */ = {
			isa = PBXNativeTarget;
			buildConfigurationList = 66916358204B310F0033B757 /* Build configuration list for PBXNativeTarget "TodoListCategoryPractice" */;
			buildPhases = (
				6691633F204B310F0033B757 /* Sources */,
				66916340204B310F0033B757 /* Frameworks */,
				66916341204B310F0033B757 /* Resources */,
			);
			buildRules = (
			);
			dependencies = (
			);
			name = TodoListCategoryPractice;
			productName = TodoListCategoryPractice;
			productReference = 66916343204B310F0033B757 /* TodoListCategoryPractice.app */;
			productType = "com.apple.product-type.application";
		};
/* End PBXNativeTarget section */

/* Begin PBXProject section */
		6691633B204B310F0033B757 /* Project object */ = {
			isa = PBXProject;
			attributes = {
				LastSwiftUpdateCheck = 0920;
				LastUpgradeCheck = 0920;
				ORGANIZATIONNAME = Haolinzhang;
				TargetAttributes = {
					66916342204B310F0033B757 = {
						CreatedOnToolsVersion = 9.2;
						ProvisioningStyle = Automatic;
					};
				};
			};
			buildConfigurationList = 6691633E204B310F0033B757 /* Build configuration list for PBXProject "TodoListCategoryPractice" */;
			compatibilityVersion = "Xcode 8.0";
			developmentRegion = en;
			hasScannedForEncodings = 0;
			knownRegions = (
				en,
				Base,
			);
			mainGroup = 6691633A204B310F0033B757;
			productRefGroup = 66916344204B310F0033B757 /* Products */;
			projectDirPath = "";
			projectRoot = "";
			targets = (
				66916342204B310F0033B757 /* TodoListCategoryPractice */,
			);
		};
/* End PBXProject section */

/* Begin PBXResourcesBuildPhase section */
		66916341204B310F0033B757 /* Resources */ = {
			isa = PBXResourcesBuildPhase;
			buildActionMask = 2147483647;
			files = (
				66916354204B310F0033B757 /* LaunchScreen.storyboard in Resources */,
				66916351204B310F0033B757 /* Assets.xcassets in Resources */,
				6691634C204B310F0033B757 /* Main.storyboard in Resources */,
			);
			runOnlyForDeploymentPostprocessing = 0;
		};
/* End PBXResourcesBuildPhase section */

/* Begin PBXSourcesBuildPhase section */
		6691633F204B310F0033B757 /* Sources */ = {
			isa = PBXSourcesBuildPhase;
			buildActionMask = 2147483647;
			files = (
				6691634F204B310F0033B757 /* TodoListCategoryPractice.xcdatamodeld in Sources */,
				66916349204B310F0033B757 /* ViewController.swift in Sources */,
				6691635E204B34410033B757 /* CatTableViewController.swift in Sources */,
				66916347204B310F0033B757 /* AppDelegate.swift in Sources */,
			);
			runOnlyForDeploymentPostprocessing = 0;
		};
/* End PBXSourcesBuildPhase section */

/* Begin PBXVariantGroup section */
		6691634A204B310F0033B757 /* Main.storyboard */ = {
			isa = PBXVariantGroup;
			children = (
				6691634B204B310F0033B757 /* Base */,
			);
			name = Main.storyboard;
			sourceTree = "<group>";
		};
		66916352204B310F0033B757 /* LaunchScreen.storyboard */ = {
			isa = PBXVariantGroup;
			children = (
				66916353204B310F0033B757 /* Base */,
			);
			name = LaunchScreen.storyboard;
			sourceTree = "<group>";
		};
/* End PBXVariantGroup section */

/* Begin XCBuildConfiguration section */
		66916356204B310F0033B757 /* Debug */ = {
			isa = XCBuildConfiguration;
			buildSettings = {
				ALWAYS_SEARCH_USER_PATHS = NO;
				CLANG_ANALYZER_NONNULL = YES;
				CLANG_ANALYZER_NUMBER_OBJECT_CONVERSION = YES_AGGRESSIVE;
				CLANG_CXX_LANGUAGE_STANDARD = "gnu++14";
				CLANG_CXX_LIBRARY = "libc++";
				CLANG_ENABLE_MODULES = YES;
				CLANG_ENABLE_OBJC_ARC = YES;
				CLANG_WARN_BLOCK_CAPTURE_AUTORELEASING = YES;
				CLANG_WARN_BOOL_CONVERSION = YES;
				CLANG_WARN_COMMA = YES;
				CLANG_WARN_CONSTANT_CONVERSION = YES;
				CLANG_WARN_DIRECT_OBJC_ISA_USAGE = YES_ERROR;
				CLANG_WARN_DOCUMENTATION_COMMENTS = YES;
				CLANG_WARN_EMPTY_BODY = YES;
				CLANG_WARN_ENUM_CONVERSION = YES;
				CLANG_WARN_INFINITE_RECURSION = YES;
				CLANG_WARN_INT_CONVERSION = YES;
				CLANG_WARN_NON_LITERAL_NULL_CONVERSION = YES;
				CLANG_WARN_OBJC_LITERAL_CONVERSION = YES;
				CLANG_WARN_OBJC_ROOT_CLASS = YES_ERROR;
				CLANG_WARN_RANGE_LOOP_ANALYSIS = YES;
				CLANG_WARN_STRICT_PROTOTYPES = YES;
				CLANG_WARN_SUSPICIOUS_MOVE = YES;
				CLANG_WARN_UNGUARDED_AVAILABILITY = YES_AGGRESSIVE;
				CLANG_WARN_UNREACHABLE_CODE = YES;
				CLANG_WARN__DUPLICATE_METHOD_MATCH = YES;
				CODE_SIGN_IDENTITY = "iPhone Developer";
				COPY_PHASE_STRIP = NO;
				DEBUG_INFORMATION_FORMAT = dwarf;
				ENABLE_STRICT_OBJC_MSGSEND = YES;
				ENABLE_TESTABILITY = YES;
				GCC_C_LANGUAGE_STANDARD = gnu11;
				GCC_DYNAMIC_NO_PIC = NO;
				GCC_NO_COMMON_BLOCKS = YES;
				GCC_OPTIMIZATION_LEVEL = 0;
				GCC_PREPROCESSOR_DEFINITIONS = (
					"DEBUG=1",
					"$(inherited)",
				);
				GCC_WARN_64_TO_32_BIT_CONVERSION = YES;
				GCC_WARN_ABOUT_RETURN_TYPE = YES_ERROR;
				GCC_WARN_UNDECLARED_SELECTOR = YES;
				GCC_WARN_UNINITIALIZED_AUTOS = YES_AGGRESSIVE;
				GCC_WARN_UNUSED_FUNCTION = YES;
				GCC_WARN_UNUSED_VARIABLE = YES;
				IPHONEOS_DEPLOYMENT_TARGET = 11.2;
				MTL_ENABLE_DEBUG_INFO = YES;
				ONLY_ACTIVE_ARCH = YES;
				SDKROOT = iphoneos;
				SWIFT_ACTIVE_COMPILATION_CONDITIONS = DEBUG;
				SWIFT_OPTIMIZATION_LEVEL = "-Onone";
			};
			name = Debug;
		};
		66916357204B310F0033B757 /* Release */ = {
			isa = XCBuildConfiguration;
			buildSettings = {
				ALWAYS_SEARCH_USER_PATHS = NO;
				CLANG_ANALYZER_NONNULL = YES;
				CLANG_ANALYZER_NUMBER_OBJECT_CONVERSION = YES_AGGRESSIVE;
				CLANG_CXX_LANGUAGE_STANDARD = "gnu++14";
				CLANG_CXX_LIBRARY = "libc++";
				CLANG_ENABLE_MODULES = YES;
				CLANG_ENABLE_OBJC_ARC = YES;
				CLANG_WARN_BLOCK_CAPTURE_AUTORELEASING = YES;
				CLANG_WARN_BOOL_CONVERSION = YES;
				CLANG_WARN_COMMA = YES;
				CLANG_WARN_CONSTANT_CONVERSION = YES;
				CLANG_WARN_DIRECT_OBJC_ISA_USAGE = YES_ERROR;
				CLANG_WARN_DOCUMENTATION_COMMENTS = YES;
				CLANG_WARN_EMPTY_BODY = YES;
				CLANG_WARN_ENUM_CONVERSION = YES;
				CLANG_WARN_INFINITE_RECURSION = YES;
				CLANG_WARN_INT_CONVERSION = YES;
				CLANG_WARN_NON_LITERAL_NULL_CONVERSION = YES;
				CLANG_WARN_OBJC_LITERAL_CONVERSION = YES;
				CLANG_WARN_OBJC_ROOT_CLASS = YES_ERROR;
				CLANG_WARN_RANGE_LOOP_ANALYSIS = YES;
				CLANG_WARN_STRICT_PROTOTYPES = YES;
				CLANG_WARN_SUSPICIOUS_MOVE = YES;
				CLANG_WARN_UNGUARDED_AVAILABILITY = YES_AGGRESSIVE;
				CLANG_WARN_UNREACHABLE_CODE = YES;
				CLANG_WARN__DUPLICATE_METHOD_MATCH = YES;
				CODE_SIGN_IDENTITY = "iPhone Developer";
				COPY_PHASE_STRIP = NO;
				DEBUG_INFORMATION_FORMAT = "dwarf-with-dsym";
				ENABLE_NS_ASSERTIONS = NO;
				ENABLE_STRICT_OBJC_MSGSEND = YES;
				GCC_C_LANGUAGE_STANDARD = gnu11;
				GCC_NO_COMMON_BLOCKS = YES;
				GCC_WARN_64_TO_32_BIT_CONVERSION = YES;
				GCC_WARN_ABOUT_RETURN_TYPE = YES_ERROR;
				GCC_WARN_UNDECLARED_SELECTOR = YES;
				GCC_WARN_UNINITIALIZED_AUTOS = YES_AGGRESSIVE;
				GCC_WARN_UNUSED_FUNCTION = YES;
				GCC_WARN_UNUSED_VARIABLE = YES;
				IPHONEOS_DEPLOYMENT_TARGET = 11.2;
				MTL_ENABLE_DEBUG_INFO = NO;
				SDKROOT = iphoneos;
				SWIFT_OPTIMIZATION_LEVEL = "-Owholemodule";
				VALIDATE_PRODUCT = YES;
			};
			name = Release;
		};
		66916359204B310F0033B757 /* Debug */ = {
			isa = XCBuildConfiguration;
			buildSettings = {
				ASSETCATALOG_COMPILER_APPICON_NAME = AppIcon;
				CODE_SIGN_STYLE = Automatic;
				INFOPLIST_FILE = TodoListCategoryPractice/Info.plist;
				LD_RUNPATH_SEARCH_PATHS = "$(inherited) @executable_path/Frameworks";
				PRODUCT_BUNDLE_IDENTIFIER = com.haolinzhang.TodoListCategoryPractice;
				PRODUCT_NAME = "$(TARGET_NAME)";
				SWIFT_VERSION = 4.0;
				TARGETED_DEVICE_FAMILY = "1,2";
			};
			name = Debug;
		};
		6691635A204B310F0033B757 /* Release */ = {
			isa = XCBuildConfiguration;
			buildSettings = {
				ASSETCATALOG_COMPILER_APPICON_NAME = AppIcon;
				CODE_SIGN_STYLE = Automatic;
				INFOPLIST_FILE = TodoListCategoryPractice/Info.plist;
				LD_RUNPATH_SEARCH_PATHS = "$(inherited) @executable_path/Frameworks";
				PRODUCT_BUNDLE_IDENTIFIER = com.haolinzhang.TodoListCategoryPractice;
				PRODUCT_NAME = "$(TARGET_NAME)";
				SWIFT_VERSION = 4.0;
				TARGETED_DEVICE_FAMILY = "1,2";
			};
			name = Release;
		};
/* End XCBuildConfiguration section */

/* Begin XCConfigurationList section */
		6691633E204B310F0033B757 /* Build configuration list for PBXProject "TodoListCategoryPractice" */ = {
			isa = XCConfigurationList;
			buildConfigurations = (
				66916356204B310F0033B757 /* Debug */,
				66916357204B310F0033B757 /* Release */,
			);
			defaultConfigurationIsVisible = 0;
			defaultConfigurationName = Release;
		};
		66916358204B310F0033B757 /* Build configuration list for PBXNativeTarget "TodoListCategoryPractice" */ = {
			isa = XCConfigurationList;
			buildConfigurations = (
				66916359204B310F0033B757 /* Debug */,
				6691635A204B310F0033B757 /* Release */,
			);
			defaultConfigurationIsVisible = 0;
			defaultConfigurationName = Release;
		};
/* End XCConfigurationList section */

/* Begin XCVersionGroup section */
		6691634D204B310F0033B757 /* TodoListCategoryPractice.xcdatamodeld */ = {
			isa = XCVersionGroup;
			children = (
				6691634E204B310F0033B757 /* TodoListCategoryPractice.xcdatamodel */,
			);
			currentVersion = 6691634E204B310F0033B757 /* TodoListCategoryPractice.xcdatamodel */;
			path = TodoListCategoryPractice.xcdatamodeld;
			sourceTree = "<group>";
			versionGroupType = wrapper.xcdatamodel;
		};
/* End XCVersionGroup section */
	};
	rootObject = 6691633B204B310F0033B757 /* Project object */;
}
